
Microsoft Visual Studio Solution File, Format Version 11.00
# Visual Studio 2010
Project("{FAE04EC0-301F-11D3-BF4B-00C04F79EFBC}") = "XamarinGimpSharp", "XamarinGimpSharp\XamarinGimpSharp.csproj", "{B0837187-4FC4-40BE-8FC7-F79D151E52E1}"
EndProject
Global
	GlobalSection(SolutionConfigurationPlatforms) = preSolution
		Debug|Any CPU = Debug|Any CPU
		Release|Any CPU = Release|Any CPU
	EndGlobalSection
	GlobalSection(ProjectConfigurationPlatforms) = postSolution
		{B0837187-4FC4-40BE-8FC7-F79D151E52E1}.Debug|Any CPU.ActiveCfg = Debug|Any CPU
		{B0837187-4FC4-40BE-8FC7-F79D151E52E1}.Debug|Any CPU.Build.0 = Debug|Any CPU
		{B0837187-4FC4-40BE-8FC7-F79D151E52E1}.Release|Any CPU.ActiveCfg = Release|Any CPU
		{B0837187-4FC4-40BE-8FC7-F79D151E52E1}.Release|Any CPU.Build.0 = Release|Any CPU
	EndGlobalSection
	GlobalSection(MonoDevelopProperties) = preSolution
		StartupItem = XamarinGimpSharp\XamarinGimpSharp.csproj
	EndGlobalSection
EndGlobal
